<Solution>
  <Folder Name="/UI/">
    <Project Path="UI/ConvenientNote.UI.Common/ConvenientNote.UI.Common.csproj" />
    <Project Path="UI/ConvenientNote.Todos.UI/ConvenientNote.Todos.UI.csproj" />
    <Project Path="UI/ConvenientNote.Notes.UI/ConvenientNote.Notes.UI.csproj" />
    <Project Path="UI/ConvenientNote.Calendar.UI/ConvenientNote.Calendar.UI.csproj" />
    <Project Path="UI/ConvenientNote.Desktop/ConvenientNote.Desktop.csproj" />
    <Project Path="UI/ConvenientNote.ColorPicker.UI/ConvenientNote.ColorPicker.UI.csproj" />
    <Project Path="UI/ConvenientNote.DesktopPet.UI/ConvenientNote.DesktopPet.UI.csproj" />
  </Folder>
  <Folder Name="/src/" />
  <Folder Name="/src/App/">
    <Project Path="src/App/ConvenientNote.ColorPicker.Application/ConvenientNote.ColorPicker.Application.csproj" />
    <Project Path="src/App/ConvenientNote.Calendar.Application/ConvenientNote.Calendar.Application.csproj" />
    <Project Path="src/App/ConvenientNote.Todos.Application/ConvenientNote.Todos.Application.csproj" />
    <Project Path="src/App/ConvenientNote.Notes.Application/ConvenientNote.Notes.Application.csproj" />
    <Project Path="src/App/ConvenientNote.DesktopPet.Application/ConvenientNote.DesktopPet.Application.csproj" />
  </Folder>
  <Folder Name="/src/Modules/">
    <Project Path="src/Modules/ConvenientNote.ColorPicker.Domain/ConvenientNote.ColorPicker.Domain.csproj" />
    <Project Path="src/Modules/ConvenientNote.Calendar.Domain/ConvenientNote.Calendar.Domain.csproj" />
    <Project Path="src/Modules/ConvenientNote.Todos.Domain/ConvenientNote.Todos.Domain.csproj" />
    <Project Path="src/Modules/ConvenientNote.Notes.Domain/ConvenientNote.Notes.Domain.csproj" />
    <Project Path="src/Modules/ConvenientNote.DesktopPet.Domain/ConvenientNote.DesktopPet.Domain.csproj" />
  </Folder>
  <Folder Name="/src/Infrastructure/">
    <Project Path="src/Infrastructure/ConvenientNote.Todos.Infrastructure/ConvenientNote.Todos.Infrastructure.csproj" />
    <Project Path="src/Infrastructure/ConvenientNote.Notes.Infrastructure/ConvenientNote.Notes.Infrastructure.csproj" />
    <Project Path="src/Infrastructure/ConvenientNote.Calendar.Infrastructure/ConvenientNote.Calendar.Infrastructure.csproj" />
    <Project Path="src/Infrastructure/ConvenientNote.ColorPicker.Infrastructure/ConvenientNote.ColorPicker.Infrastructure.csproj" />
    <Project Path="src/Infrastructure/ConvenientNote.DesktopPet.Infrastructure/ConvenientNote.DesktopPet.Infrastructure.csproj" />
  </Folder>
  <Folder Name="/src/Contracts/">
    <Project Path="src/Contracts/ConvenientNote.Todos.Contracts/ConvenientNote.Todos.Contracts.csproj" />
    <Project Path="src/Contracts/ConvenientNote.Calendar.Contracts/ConvenientNote.Calendar.Contracts.csproj" />
    <Project Path="src/Contracts/ConvenientNote.ColorPicker.Contracts/ConvenientNote.ColorPicker.Contracts.csproj" />
    <Project Path="src/Contracts/ConvenientNote.Notes.Contracts/ConvenientNote.Notes.Contracts.csproj" />
    <Project Path="src/Contracts/ConvenientNote.DesktopPet.Contracts/ConvenientNote.DesktopPet.Contracts.csproj" />
  </Folder>
  <Folder Name="/src/Shared/">
    <Project Path="src/Shared/ConvenientNote.Platform.Infrastructure/ConvenientNote.Platform.Infrastructure.csproj" />
    <Project Path="src/Shared/ConvenientNote.Platform.Contracts/ConvenientNote.Platform.Contracts.csproj" />
  </Folder>
  <Folder Name="/src/Compatibility/">
    <Project Path="src/Compatibility/ConvenientNote.LegacyMigration/ConvenientNote.LegacyMigration.csproj" />
    <Project Path="src/Compatibility/ConvenientNote.Domain/ConvenientNote.Domain.csproj" />
    <Project Path="src/Compatibility/ConvenientNote.Infrastructure/ConvenientNote.Infrastructure.csproj" />
    <Project Path="src/Compatibility/ConvenientNote.Application/ConvenientNote.Application.csproj" />
  </Folder>
  <Folder Name="/tests/">
    <Project Path="tests/ConvenientNote.Todos.Tests/ConvenientNote.Todos.Tests.csproj" />
    <Project Path="tests/ConvenientNote.Desktop.Smoke/ConvenientNote.Desktop.Smoke.csproj" />
    <Project Path="tests/ConvenientNote.ColorPicker.Tests/ConvenientNote.ColorPicker.Tests.csproj" />
    <Project Path="tests/ConvenientNote.Migration.Tests/ConvenientNote.Migration.Tests.csproj" />
    <Project Path="tests/ConvenientNote.Calendar.Tests/ConvenientNote.Calendar.Tests.csproj" />
    <Project Path="tests/ConvenientNote.Notes.Tests/ConvenientNote.Notes.Tests.csproj" />
    <Project Path="tests/ConvenientNote.Architecture.Tests/ConvenientNote.Architecture.Tests.csproj" />
    <Project Path="tests/ConvenientNote.Tests/ConvenientNote.Tests.csproj" />
    <Project Path="tests/ConvenientNote.DesktopPet.Tests/ConvenientNote.DesktopPet.Tests.csproj" />
  </Folder>
</Solution>
